{
  "name": "datepicker-firefox",
  "lockfileVersion": 3,
  "requires": true,
  "packages": {
    "": {
      "devDependencies": {
        "vanillajs-datepicker": "^1.3.4"
      }
    },
    "node_modules/vanillajs-datepicker": {
      "version": "1.3.4",
      "resolved": "https://registry.npmjs.org/vanillajs-datepicker/-/vanillajs-datepicker-1.3.4.tgz",
      "integrity": "sha512-waOyp2Ay+K1VA/B5cNlFgSNzFR9efCVKaoyMyNEAhAwmKLzMB9nCJs6Vqmo6HuHWA98VEHXbgz5thZ7hH/uohA==",
      "dev": true
    }
  }
}
